
Microsoft Visual Studio Solution File, Format Version 12.00
# Visual Studio 15
VisualStudioVersion = 15.0.28306.52
MinimumVisualStudioVersion = 10.0.40219.1
Project("{8BC9CEB8-8B4A-11D0-8D11-00A0C91BC942}") = "Server", "..\App\Server\VS2017\Server.vcxproj", "{304F458A-6F74-49B7-9743-62C15F8BE497}"
EndProject
Project("{8BC9CEB8-8B4A-11D0-8D11-00A0C91BC942}") = "Client", "..\App\Client\VS2017\Client.vcxproj", "{9D11CB28-5708-419C-845D-E9C38D7739F0}"
EndProject
Project("{2150E333-8FDC-42A3-9474-1A3956D46DE8}") = "Apps", "Apps", "{AE2A32D9-9C4B-40A6-91C2-AC03B243E293}"
EndProject
Project("{8BC9CEB8-8B4A-11D0-8D11-00A0C91BC942}") = "Core", "..\Lib\Core\VS2017\Core.vcxproj", "{9E626A52-B104-4C9D-BC71-EB0E9BD0961E}"
EndProject
Project("{2150E333-8FDC-42A3-9474-1A3956D46DE8}") = "Lib", "Lib", "{961FAAA6-DE91-45F0-9FDA-DAACCF515FB7}"
EndProject
Project("{2150E333-8FDC-42A3-9474-1A3956D46DE8}") = "Testers", "Testers", "{E252F0C7-1EFF-431A-981D-D59CAAC667DA}"
EndProject
Project("{8BC9CEB8-8B4A-11D0-8D11-00A0C91BC942}") = "CoreTester", "..\Lib\Core\VS2017\CoreTester.vcxproj", "{C13D6AC1-B5B1-477D-8304-3CD0C62DBD0C}"
EndProject
Project("{8BC9CEB8-8B4A-11D0-8D11-00A0C91BC942}") = "GoogleTest", "GoogleTest.vcxproj", "{28B9795F-D810-4614-930A-EDA942AA62F1}"
EndProject
Project("{8BC9CEB8-8B4A-11D0-8D11-00A0C91BC942}") = "AppUtils", "..\Lib\AppUtils\VS2017\AppUtils.vcxproj", "{50823F09-A364-490B-967A-0C3914952099}"
EndProject
Project("{8BC9CEB8-8B4A-11D0-8D11-00A0C91BC942}") = "AppUtilsTester", "..\Lib\AppUtils\VS2017\AppUtilsTester.vcxproj", "{8F081D30-AD0A-47A9-9834-740C58BC2F43}"
EndProject
Project("{8BC9CEB8-8B4A-11D0-8D11-00A0C91BC942}") = "TcpServerTester", "..\Lib\TcpServer\VS2017\TcpServerTester.vcxproj", "{1ECD7476-0AE1-4155-B2E8-20330971624C}"
EndProject
Project("{8BC9CEB8-8B4A-11D0-8D11-00A0C91BC942}") = "TcpServer", "..\Lib\TcpServer\VS2017\TcpServer.vcxproj", "{EAB81CE3-DD87-4DA5-BFE0-54B9F50F0D0A}"
EndProject
Project("{8BC9CEB8-8B4A-11D0-8D11-00A0C91BC942}") = "MathTester", "..\Lib\Math\VS2017\MathTester.vcxproj", "{95AC1D69-245B-4F07-8B38-750DA6E25200}"
EndProject
Project("{8BC9CEB8-8B4A-11D0-8D11-00A0C91BC942}") = "Math", "..\Lib\Math\VS2017\Math.vcxproj", "{F1503E6C-1FAE-4302-9074-904403E8C846}"
EndProject
Project("{8BC9CEB8-8B4A-11D0-8D11-00A0C91BC942}") = "Http", "..\Lib\Http\VS2017\Http.vcxproj", "{8F5E394C-6D64-4227-9CFF-3454F734E95E}"
EndProject
Project("{8BC9CEB8-8B4A-11D0-8D11-00A0C91BC942}") = "HttpTester", "..\Lib\Http\VS2017\HttpTester.vcxproj", "{BFCAE084-1F8B-4781-BB5B-595816DB90D1}"
EndProject
Project("{8BC9CEB8-8B4A-11D0-8D11-00A0C91BC942}") = "Sse", "..\Lib\ServerSentEvents\VS2017\Sse.vcxproj", "{7115EE01-870F-49C0-804D-AA2A0EE040B1}"
EndProject
Project("{8BC9CEB8-8B4A-11D0-8D11-00A0C91BC942}") = "SseTester", "..\Lib\ServerSentEvents\VS2017\SseTester.vcxproj", "{6D31DF61-7E14-4E2D-80C9-B423D704E051}"
EndProject
Project("{8BC9CEB8-8B4A-11D0-8D11-00A0C91BC942}") = "WebSock", "..\Lib\Websockets\VS2017\WebSock.vcxproj", "{926D9DD8-9E7C-4D29-80E0-350F0F0C5421}"
EndProject
Project("{8BC9CEB8-8B4A-11D0-8D11-00A0C91BC942}") = "WebSockTester", "..\Lib\Websockets\VS2017\WebSockTester.vcxproj", "{71B8E256-B5F5-411E-8356-542C8EDBDC41}"
EndProject
Global
	GlobalSection(SolutionConfigurationPlatforms) = preSolution
		Debug|x64 = Debug|x64
		Debug|x86 = Debug|x86
		Release|x64 = Release|x64
		Release|x86 = Release|x86
	EndGlobalSection
	GlobalSection(ProjectConfigurationPlatforms) = postSolution
		{304F458A-6F74-49B7-9743-62C15F8BE497}.Debug|x64.ActiveCfg = Debug|x64
		{304F458A-6F74-49B7-9743-62C15F8BE497}.Debug|x64.Build.0 = Debug|x64
		{304F458A-6F74-49B7-9743-62C15F8BE497}.Debug|x86.ActiveCfg = Debug|Win32
		{304F458A-6F74-49B7-9743-62C15F8BE497}.Debug|x86.Build.0 = Debug|Win32
		{304F458A-6F74-49B7-9743-62C15F8BE497}.Release|x64.ActiveCfg = Release|x64
		{304F458A-6F74-49B7-9743-62C15F8BE497}.Release|x64.Build.0 = Release|x64
		{304F458A-6F74-49B7-9743-62C15F8BE497}.Release|x86.ActiveCfg = Release|Win32
		{304F458A-6F74-49B7-9743-62C15F8BE497}.Release|x86.Build.0 = Release|Win32
		{9D11CB28-5708-419C-845D-E9C38D7739F0}.Debug|x64.ActiveCfg = Debug|x64
		{9D11CB28-5708-419C-845D-E9C38D7739F0}.Debug|x64.Build.0 = Debug|x64
		{9D11CB28-5708-419C-845D-E9C38D7739F0}.Debug|x86.ActiveCfg = Debug|Win32
		{9D11CB28-5708-419C-845D-E9C38D7739F0}.Debug|x86.Build.0 = Debug|Win32
		{9D11CB28-5708-419C-845D-E9C38D7739F0}.Release|x64.ActiveCfg = Release|x64
		{9D11CB28-5708-419C-845D-E9C38D7739F0}.Release|x64.Build.0 = Release|x64
		{9D11CB28-5708-419C-845D-E9C38D7739F0}.Release|x86.ActiveCfg = Release|Win32
		{9D11CB28-5708-419C-845D-E9C38D7739F0}.Release|x86.Build.0 = Release|Win32
		{9E626A52-B104-4C9D-BC71-EB0E9BD0961E}.Debug|x64.ActiveCfg = Debug|x64
		{9E626A52-B104-4C9D-BC71-EB0E9BD0961E}.Debug|x64.Build.0 = Debug|x64
		{9E626A52-B104-4C9D-BC71-EB0E9BD0961E}.Debug|x86.ActiveCfg = Debug|Win32
		{9E626A52-B104-4C9D-BC71-EB0E9BD0961E}.Debug|x86.Build.0 = Debug|Win32
		{9E626A52-B104-4C9D-BC71-EB0E9BD0961E}.Release|x64.ActiveCfg = Release|x64
		{9E626A52-B104-4C9D-BC71-EB0E9BD0961E}.Release|x64.Build.0 = Release|x64
		{9E626A52-B104-4C9D-BC71-EB0E9BD0961E}.Release|x86.ActiveCfg = Release|Win32
		{9E626A52-B104-4C9D-BC71-EB0E9BD0961E}.Release|x86.Build.0 = Release|Win32
		{C13D6AC1-B5B1-477D-8304-3CD0C62DBD0C}.Debug|x64.ActiveCfg = Debug|x64
		{C13D6AC1-B5B1-477D-8304-3CD0C62DBD0C}.Debug|x64.Build.0 = Debug|x64
		{C13D6AC1-B5B1-477D-8304-3CD0C62DBD0C}.Debug|x86.ActiveCfg = Debug|Win32
		{C13D6AC1-B5B1-477D-8304-3CD0C62DBD0C}.Debug|x86.Build.0 = Debug|Win32
		{C13D6AC1-B5B1-477D-8304-3CD0C62DBD0C}.Release|x64.ActiveCfg = Release|x64
		{C13D6AC1-B5B1-477D-8304-3CD0C62DBD0C}.Release|x64.Build.0 = Release|x64
		{C13D6AC1-B5B1-477D-8304-3CD0C62DBD0C}.Release|x86.ActiveCfg = Release|Win32
		{C13D6AC1-B5B1-477D-8304-3CD0C62DBD0C}.Release|x86.Build.0 = Release|Win32
		{28B9795F-D810-4614-930A-EDA942AA62F1}.Debug|x64.ActiveCfg = Debug|x64
		{28B9795F-D810-4614-930A-EDA942AA62F1}.Debug|x64.Build.0 = Debug|x64
		{28B9795F-D810-4614-930A-EDA942AA62F1}.Debug|x86.ActiveCfg = Debug|Win32
		{28B9795F-D810-4614-930A-EDA942AA62F1}.Debug|x86.Build.0 = Debug|Win32
		{28B9795F-D810-4614-930A-EDA942AA62F1}.Release|x64.ActiveCfg = Release|x64
		{28B9795F-D810-4614-930A-EDA942AA62F1}.Release|x64.Build.0 = Release|x64
		{28B9795F-D810-4614-930A-EDA942AA62F1}.Release|x86.ActiveCfg = Release|Win32
		{28B9795F-D810-4614-930A-EDA942AA62F1}.Release|x86.Build.0 = Release|Win32
		{50823F09-A364-490B-967A-0C3914952099}.Debug|x64.ActiveCfg = Debug|x64
		{50823F09-A364-490B-967A-0C3914952099}.Debug|x64.Build.0 = Debug|x64
		{50823F09-A364-490B-967A-0C3914952099}.Debug|x86.ActiveCfg = Debug|Win32
		{50823F09-A364-490B-967A-0C3914952099}.Debug|x86.Build.0 = Debug|Win32
		{50823F09-A364-490B-967A-0C3914952099}.Release|x64.ActiveCfg = Release|x64
		{50823F09-A364-490B-967A-0C3914952099}.Release|x64.Build.0 = Release|x64
		{50823F09-A364-490B-967A-0C3914952099}.Release|x86.ActiveCfg = Release|Win32
		{50823F09-A364-490B-967A-0C3914952099}.Release|x86.Build.0 = Release|Win32
		{8F081D30-AD0A-47A9-9834-740C58BC2F43}.Debug|x64.ActiveCfg = Debug|x64
		{8F081D30-AD0A-47A9-9834-740C58BC2F43}.Debug|x64.Build.0 = Debug|x64
		{8F081D30-AD0A-47A9-9834-740C58BC2F43}.Debug|x86.ActiveCfg = Debug|Win32
		{8F081D30-AD0A-47A9-9834-740C58BC2F43}.Debug|x86.Build.0 = Debug|Win32
		{8F081D30-AD0A-47A9-9834-740C58BC2F43}.Release|x64.ActiveCfg = Release|x64
		{8F081D30-AD0A-47A9-9834-740C58BC2F43}.Release|x64.Build.0 = Release|x64
		{8F081D30-AD0A-47A9-9834-740C58BC2F43}.Release|x86.ActiveCfg = Release|Win32
		{8F081D30-AD0A-47A9-9834-740C58BC2F43}.Release|x86.Build.0 = Release|Win32
		{1ECD7476-0AE1-4155-B2E8-20330971624C}.Debug|x64.ActiveCfg = Debug|x64
		{1ECD7476-0AE1-4155-B2E8-20330971624C}.Debug|x64.Build.0 = Debug|x64
		{1ECD7476-0AE1-4155-B2E8-20330971624C}.Debug|x86.ActiveCfg = Debug|Win32
		{1ECD7476-0AE1-4155-B2E8-20330971624C}.Debug|x86.Build.0 = Debug|Win32
		{1ECD7476-0AE1-4155-B2E8-20330971624C}.Release|x64.ActiveCfg = Release|x64
		{1ECD7476-0AE1-4155-B2E8-20330971624C}.Release|x64.Build.0 = Release|x64
		{1ECD7476-0AE1-4155-B2E8-20330971624C}.Release|x86.ActiveCfg = Release|Win32
		{1ECD7476-0AE1-4155-B2E8-20330971624C}.Release|x86.Build.0 = Release|Win32
		{EAB81CE3-DD87-4DA5-BFE0-54B9F50F0D0A}.Debug|x64.ActiveCfg = Debug|x64
		{EAB81CE3-DD87-4DA5-BFE0-54B9F50F0D0A}.Debug|x64.Build.0 = Debug|x64
		{EAB81CE3-DD87-4DA5-BFE0-54B9F50F0D0A}.Debug|x86.ActiveCfg = Debug|Win32
		{EAB81CE3-DD87-4DA5-BFE0-54B9F50F0D0A}.Debug|x86.Build.0 = Debug|Win32
		{EAB81CE3-DD87-4DA5-BFE0-54B9F50F0D0A}.Release|x64.ActiveCfg = Release|x64
		{EAB81CE3-DD87-4DA5-BFE0-54B9F50F0D0A}.Release|x64.Build.0 = Release|x64
		{EAB81CE3-DD87-4DA5-BFE0-54B9F50F0D0A}.Release|x86.ActiveCfg = Release|Win32
		{EAB81CE3-DD87-4DA5-BFE0-54B9F50F0D0A}.Release|x86.Build.0 = Release|Win32
		{95AC1D69-245B-4F07-8B38-750DA6E25200}.Debug|x64.ActiveCfg = Debug|x64
		{95AC1D69-245B-4F07-8B38-750DA6E25200}.Debug|x64.Build.0 = Debug|x64
		{95AC1D69-245B-4F07-8B38-750DA6E25200}.Debug|x86.ActiveCfg = Debug|Win32
		{95AC1D69-245B-4F07-8B38-750DA6E25200}.Debug|x86.Build.0 = Debug|Win32
		{95AC1D69-245B-4F07-8B38-750DA6E25200}.Release|x64.ActiveCfg = Release|x64
		{95AC1D69-245B-4F07-8B38-750DA6E25200}.Release|x64.Build.0 = Release|x64
		{95AC1D69-245B-4F07-8B38-750DA6E25200}.Release|x86.ActiveCfg = Release|Win32
		{95AC1D69-245B-4F07-8B38-750DA6E25200}.Release|x86.Build.0 = Release|Win32
		{F1503E6C-1FAE-4302-9074-904403E8C846}.Debug|x64.ActiveCfg = Debug|x64
		{F1503E6C-1FAE-4302-9074-904403E8C846}.Debug|x64.Build.0 = Debug|x64
		{F1503E6C-1FAE-4302-9074-904403E8C846}.Debug|x86.ActiveCfg = Debug|Win32
		{F1503E6C-1FAE-4302-9074-904403E8C846}.Debug|x86.Build.0 = Debug|Win32
		{F1503E6C-1FAE-4302-9074-904403E8C846}.Release|x64.ActiveCfg = Release|x64
		{F1503E6C-1FAE-4302-9074-904403E8C846}.Release|x64.Build.0 = Release|x64
		{F1503E6C-1FAE-4302-9074-904403E8C846}.Release|x86.ActiveCfg = Release|Win32
		{F1503E6C-1FAE-4302-9074-904403E8C846}.Release|x86.Build.0 = Release|Win32
		{8F5E394C-6D64-4227-9CFF-3454F734E95E}.Debug|x64.ActiveCfg = Debug|x64
		{8F5E394C-6D64-4227-9CFF-3454F734E95E}.Debug|x64.Build.0 = Debug|x64
		{8F5E394C-6D64-4227-9CFF-3454F734E95E}.Debug|x86.ActiveCfg = Debug|Win32
		{8F5E394C-6D64-4227-9CFF-3454F734E95E}.Debug|x86.Build.0 = Debug|Win32
		{8F5E394C-6D64-4227-9CFF-3454F734E95E}.Release|x64.ActiveCfg = Release|x64
		{8F5E394C-6D64-4227-9CFF-3454F734E95E}.Release|x64.Build.0 = Release|x64
		{8F5E394C-6D64-4227-9CFF-3454F734E95E}.Release|x86.ActiveCfg = Release|Win32
		{8F5E394C-6D64-4227-9CFF-3454F734E95E}.Release|x86.Build.0 = Release|Win32
		{BFCAE084-1F8B-4781-BB5B-595816DB90D1}.Debug|x64.ActiveCfg = Debug|x64
		{BFCAE084-1F8B-4781-BB5B-595816DB90D1}.Debug|x64.Build.0 = Debug|x64
		{BFCAE084-1F8B-4781-BB5B-595816DB90D1}.Debug|x86.ActiveCfg = Debug|Win32
		{BFCAE084-1F8B-4781-BB5B-595816DB90D1}.Debug|x86.Build.0 = Debug|Win32
		{BFCAE084-1F8B-4781-BB5B-595816DB90D1}.Release|x64.ActiveCfg = Release|x64
		{BFCAE084-1F8B-4781-BB5B-595816DB90D1}.Release|x64.Build.0 = Release|x64
		{BFCAE084-1F8B-4781-BB5B-595816DB90D1}.Release|x86.ActiveCfg = Release|Win32
		{BFCAE084-1F8B-4781-BB5B-595816DB90D1}.Release|x86.Build.0 = Release|Win32
		{7115EE01-870F-49C0-804D-AA2A0EE040B1}.Debug|x64.ActiveCfg = Debug|x64
		{7115EE01-870F-49C0-804D-AA2A0EE040B1}.Debug|x64.Build.0 = Debug|x64
		{7115EE01-870F-49C0-804D-AA2A0EE040B1}.Debug|x86.ActiveCfg = Debug|Win32
		{7115EE01-870F-49C0-804D-AA2A0EE040B1}.Debug|x86.Build.0 = Debug|Win32
		{7115EE01-870F-49C0-804D-AA2A0EE040B1}.Release|x64.ActiveCfg = Release|x64
		{7115EE01-870F-49C0-804D-AA2A0EE040B1}.Release|x64.Build.0 = Release|x64
		{7115EE01-870F-49C0-804D-AA2A0EE040B1}.Release|x86.ActiveCfg = Release|Win32
		{7115EE01-870F-49C0-804D-AA2A0EE040B1}.Release|x86.Build.0 = Release|Win32
		{6D31DF61-7E14-4E2D-80C9-B423D704E051}.Debug|x64.ActiveCfg = Debug|x64
		{6D31DF61-7E14-4E2D-80C9-B423D704E051}.Debug|x64.Build.0 = Debug|x64
		{6D31DF61-7E14-4E2D-80C9-B423D704E051}.Debug|x86.ActiveCfg = Debug|Win32
		{6D31DF61-7E14-4E2D-80C9-B423D704E051}.Debug|x86.Build.0 = Debug|Win32
		{6D31DF61-7E14-4E2D-80C9-B423D704E051}.Release|x64.ActiveCfg = Release|x64
		{6D31DF61-7E14-4E2D-80C9-B423D704E051}.Release|x64.Build.0 = Release|x64
		{6D31DF61-7E14-4E2D-80C9-B423D704E051}.Release|x86.ActiveCfg = Release|Win32
		{6D31DF61-7E14-4E2D-80C9-B423D704E051}.Release|x86.Build.0 = Release|Win32
		{926D9DD8-9E7C-4D29-80E0-350F0F0C5421}.Debug|x64.ActiveCfg = Debug|x64
		{926D9DD8-9E7C-4D29-80E0-350F0F0C5421}.Debug|x64.Build.0 = Debug|x64
		{926D9DD8-9E7C-4D29-80E0-350F0F0C5421}.Debug|x86.ActiveCfg = Debug|Win32
		{926D9DD8-9E7C-4D29-80E0-350F0F0C5421}.Debug|x86.Build.0 = Debug|Win32
		{926D9DD8-9E7C-4D29-80E0-350F0F0C5421}.Release|x64.ActiveCfg = Release|x64
		{926D9DD8-9E7C-4D29-80E0-350F0F0C5421}.Release|x64.Build.0 = Release|x64
		{926D9DD8-9E7C-4D29-80E0-350F0F0C5421}.Release|x86.ActiveCfg = Release|Win32
		{926D9DD8-9E7C-4D29-80E0-350F0F0C5421}.Release|x86.Build.0 = Release|Win32
		{71B8E256-B5F5-411E-8356-542C8EDBDC41}.Debug|x64.ActiveCfg = Debug|x64
		{71B8E256-B5F5-411E-8356-542C8EDBDC41}.Debug|x64.Build.0 = Debug|x64
		{71B8E256-B5F5-411E-8356-542C8EDBDC41}.Debug|x86.ActiveCfg = Debug|Win32
		{71B8E256-B5F5-411E-8356-542C8EDBDC41}.Debug|x86.Build.0 = Debug|Win32
		{71B8E256-B5F5-411E-8356-542C8EDBDC41}.Release|x64.ActiveCfg = Release|x64
		{71B8E256-B5F5-411E-8356-542C8EDBDC41}.Release|x64.Build.0 = Release|x64
		{71B8E256-B5F5-411E-8356-542C8EDBDC41}.Release|x86.ActiveCfg = Release|Win32
		{71B8E256-B5F5-411E-8356-542C8EDBDC41}.Release|x86.Build.0 = Release|Win32
	EndGlobalSection
	GlobalSection(SolutionProperties) = preSolution
		HideSolutionNode = FALSE
	EndGlobalSection
	GlobalSection(NestedProjects) = preSolution
		{304F458A-6F74-49B7-9743-62C15F8BE497} = {AE2A32D9-9C4B-40A6-91C2-AC03B243E293}
		{9D11CB28-5708-419C-845D-E9C38D7739F0} = {AE2A32D9-9C4B-40A6-91C2-AC03B243E293}
		{9E626A52-B104-4C9D-BC71-EB0E9BD0961E} = {961FAAA6-DE91-45F0-9FDA-DAACCF515FB7}
		{C13D6AC1-B5B1-477D-8304-3CD0C62DBD0C} = {E252F0C7-1EFF-431A-981D-D59CAAC667DA}
		{28B9795F-D810-4614-930A-EDA942AA62F1} = {E252F0C7-1EFF-431A-981D-D59CAAC667DA}
		{50823F09-A364-490B-967A-0C3914952099} = {961FAAA6-DE91-45F0-9FDA-DAACCF515FB7}
		{8F081D30-AD0A-47A9-9834-740C58BC2F43} = {E252F0C7-1EFF-431A-981D-D59CAAC667DA}
		{1ECD7476-0AE1-4155-B2E8-20330971624C} = {E252F0C7-1EFF-431A-981D-D59CAAC667DA}
		{EAB81CE3-DD87-4DA5-BFE0-54B9F50F0D0A} = {961FAAA6-DE91-45F0-9FDA-DAACCF515FB7}
		{95AC1D69-245B-4F07-8B38-750DA6E25200} = {E252F0C7-1EFF-431A-981D-D59CAAC667DA}
		{F1503E6C-1FAE-4302-9074-904403E8C846} = {961FAAA6-DE91-45F0-9FDA-DAACCF515FB7}
		{8F5E394C-6D64-4227-9CFF-3454F734E95E} = {961FAAA6-DE91-45F0-9FDA-DAACCF515FB7}
		{BFCAE084-1F8B-4781-BB5B-595816DB90D1} = {E252F0C7-1EFF-431A-981D-D59CAAC667DA}
		{7115EE01-870F-49C0-804D-AA2A0EE040B1} = {961FAAA6-DE91-45F0-9FDA-DAACCF515FB7}
		{6D31DF61-7E14-4E2D-80C9-B423D704E051} = {E252F0C7-1EFF-431A-981D-D59CAAC667DA}
		{926D9DD8-9E7C-4D29-80E0-350F0F0C5421} = {961FAAA6-DE91-45F0-9FDA-DAACCF515FB7}
		{71B8E256-B5F5-411E-8356-542C8EDBDC41} = {E252F0C7-1EFF-431A-981D-D59CAAC667DA}
	EndGlobalSection
	GlobalSection(ExtensibilityGlobals) = postSolution
		SolutionGuid = {26BF0745-F1F6-4907-AD7D-B61290106B2C}
	EndGlobalSection
EndGlobal
