<?xml version="1.0" encoding="utf-8"?>
<Project ToolsVersion="4.0" xmlns="http://schemas.microsoft.com/developer/msbuild/2003">
  <ItemGroup>
    <ClCompile Include="..\Src\PeriodicThread.cpp" />
    <ClCompile Include="..\Src\SupportThread.cpp" />
    <ClCompile Include="..\Src\Task.cpp" />
  </ItemGroup>
  <ItemGroup>
    <ClInclude Include="..\Src\PeriodicThread.h" />
    <ClInclude Include="..\Src\SupportThread.h" />
    <ClInclude Include="..\Src\Task.h" />
  </ItemGroup>
</Project>