
Microsoft Visual Studio Solution File, Format Version 12.00
# Visual Studio 14
VisualStudioVersion = 14.0.25420.1
MinimumVisualStudioVersion = 10.0.40219.1
Project("{8BC9CEB8-8B4A-11D0-8D11-00A0C91BC942}") = "ServerApplication", "ServerApplication.vcxproj", "{66111A12-803D-44D2-8852-5ADBC69BDD07}"
EndProject
Project("{2150E333-8FDC-42A3-9474-1A3956D46DE8}") = "Testers", "Testers", "{41B107FC-9AC5-4E2B-A7BD-0F010F288B25}"
EndProject
Project("{2150E333-8FDC-42A3-9474-1A3956D46DE8}") = "Libraries", "Libraries", "{13D4C167-7AF6-4F7C-82F6-DFA9EDB3B99B}"
EndProject
Project("{8BC9CEB8-8B4A-11D0-8D11-00A0C91BC942}") = "Core", "..\..\Lib\Core\Win32\Core.vcxproj", "{2D00251F-9E3C-4BE0-BFDF-39FD65077676}"
EndProject
Project("{8BC9CEB8-8B4A-11D0-8D11-00A0C91BC942}") = "CoreTester", "..\..\Lib\Core\Win32\CoreTester.vcxproj", "{A8BFAD55-8008-49A8-A17A-B051B7FAFD4E}"
EndProject
Project("{2150E333-8FDC-42A3-9474-1A3956D46DE8}") = "External", "External", "{B5200AEE-482E-4926-A155-C965F6408CF7}"
EndProject
Project("{8BC9CEB8-8B4A-11D0-8D11-00A0C91BC942}") = "gmock", "..\..\External\gmock\googlemock\msvc\2010\gmock.vcxproj", "{34681F0D-CE45-415D-B5F2-5C662DFE3BD5}"
EndProject
Project("{8BC9CEB8-8B4A-11D0-8D11-00A0C91BC942}") = "AppUtils", "..\..\Lib\AppUtils\Win32\AppUtils.vcxproj", "{4552AEB7-906F-459C-A1B8-652C3538A348}"
EndProject
Project("{8BC9CEB8-8B4A-11D0-8D11-00A0C91BC942}") = "AppUtilsTester", "..\..\Lib\AppUtils\Win32\AppUtilsTester.vcxproj", "{8BC71E1C-4CF4-4DA9-93F4-B22050E7F18F}"
EndProject
Project("{8BC9CEB8-8B4A-11D0-8D11-00A0C91BC942}") = "tinyxml", "..\..\External\tinyxml\tinyxml_lib.vcxproj", "{C406DAEC-0886-4771-8DEA-9D7329B46CC1}"
EndProject
Project("{8BC9CEB8-8B4A-11D0-8D11-00A0C91BC942}") = "Xml", "..\..\Lib\Xml\Win32\Xml.vcxproj", "{3F6B5B2F-B4A6-4E36-A88E-CF60359DD0B8}"
EndProject
Project("{8BC9CEB8-8B4A-11D0-8D11-00A0C91BC942}") = "XmlTester", "..\..\Lib\Xml\Win32\XmlTester.vcxproj", "{91055462-E855-45C9-B55B-60410EAA9FD9}"
EndProject
Project("{8BC9CEB8-8B4A-11D0-8D11-00A0C91BC942}") = "TcpServer", "..\..\Lib\TcpServer\Win32\TcpServer.vcxproj", "{E9AA5E42-D0D4-45EB-8DDA-FCEE40C58303}"
EndProject
Project("{8BC9CEB8-8B4A-11D0-8D11-00A0C91BC942}") = "Router", "..\..\Lib\Router\Win32\Router.vcxproj", "{0CD4E1FD-DBF6-424B-BB9F-8AC588C66442}"
EndProject
Project("{8BC9CEB8-8B4A-11D0-8D11-00A0C91BC942}") = "RouterTester", "..\..\Lib\Router\Win32\RouterTester.vcxproj", "{226A34FC-DABF-4782-9819-BD97801A9E5C}"
EndProject
Global
	GlobalSection(SolutionConfigurationPlatforms) = preSolution
		Debug|Win32 = Debug|Win32
		Release|Win32 = Release|Win32
	EndGlobalSection
	GlobalSection(ProjectConfigurationPlatforms) = postSolution
		{66111A12-803D-44D2-8852-5ADBC69BDD07}.Debug|Win32.ActiveCfg = Debug|Win32
		{66111A12-803D-44D2-8852-5ADBC69BDD07}.Debug|Win32.Build.0 = Debug|Win32
		{66111A12-803D-44D2-8852-5ADBC69BDD07}.Release|Win32.ActiveCfg = Release|Win32
		{66111A12-803D-44D2-8852-5ADBC69BDD07}.Release|Win32.Build.0 = Release|Win32
		{2D00251F-9E3C-4BE0-BFDF-39FD65077676}.Debug|Win32.ActiveCfg = Debug|Win32
		{2D00251F-9E3C-4BE0-BFDF-39FD65077676}.Debug|Win32.Build.0 = Debug|Win32
		{2D00251F-9E3C-4BE0-BFDF-39FD65077676}.Release|Win32.ActiveCfg = Release|Win32
		{2D00251F-9E3C-4BE0-BFDF-39FD65077676}.Release|Win32.Build.0 = Release|Win32
		{A8BFAD55-8008-49A8-A17A-B051B7FAFD4E}.Debug|Win32.ActiveCfg = Debug|Win32
		{A8BFAD55-8008-49A8-A17A-B051B7FAFD4E}.Debug|Win32.Build.0 = Debug|Win32
		{A8BFAD55-8008-49A8-A17A-B051B7FAFD4E}.Release|Win32.ActiveCfg = Release|Win32
		{A8BFAD55-8008-49A8-A17A-B051B7FAFD4E}.Release|Win32.Build.0 = Release|Win32
		{34681F0D-CE45-415D-B5F2-5C662DFE3BD5}.Debug|Win32.ActiveCfg = Debug|Win32
		{34681F0D-CE45-415D-B5F2-5C662DFE3BD5}.Debug|Win32.Build.0 = Debug|Win32
		{34681F0D-CE45-415D-B5F2-5C662DFE3BD5}.Release|Win32.ActiveCfg = Release|Win32
		{34681F0D-CE45-415D-B5F2-5C662DFE3BD5}.Release|Win32.Build.0 = Release|Win32
		{4552AEB7-906F-459C-A1B8-652C3538A348}.Debug|Win32.ActiveCfg = Debug|Win32
		{4552AEB7-906F-459C-A1B8-652C3538A348}.Debug|Win32.Build.0 = Debug|Win32
		{4552AEB7-906F-459C-A1B8-652C3538A348}.Release|Win32.ActiveCfg = Release|Win32
		{4552AEB7-906F-459C-A1B8-652C3538A348}.Release|Win32.Build.0 = Release|Win32
		{8BC71E1C-4CF4-4DA9-93F4-B22050E7F18F}.Debug|Win32.ActiveCfg = Debug|Win32
		{8BC71E1C-4CF4-4DA9-93F4-B22050E7F18F}.Debug|Win32.Build.0 = Debug|Win32
		{8BC71E1C-4CF4-4DA9-93F4-B22050E7F18F}.Release|Win32.ActiveCfg = Release|Win32
		{8BC71E1C-4CF4-4DA9-93F4-B22050E7F18F}.Release|Win32.Build.0 = Release|Win32
		{C406DAEC-0886-4771-8DEA-9D7329B46CC1}.Debug|Win32.ActiveCfg = Debug|Win32
		{C406DAEC-0886-4771-8DEA-9D7329B46CC1}.Debug|Win32.Build.0 = Debug|Win32
		{C406DAEC-0886-4771-8DEA-9D7329B46CC1}.Release|Win32.ActiveCfg = Release|Win32
		{C406DAEC-0886-4771-8DEA-9D7329B46CC1}.Release|Win32.Build.0 = Release|Win32
		{3F6B5B2F-B4A6-4E36-A88E-CF60359DD0B8}.Debug|Win32.ActiveCfg = Debug|Win32
		{3F6B5B2F-B4A6-4E36-A88E-CF60359DD0B8}.Debug|Win32.Build.0 = Debug|Win32
		{3F6B5B2F-B4A6-4E36-A88E-CF60359DD0B8}.Release|Win32.ActiveCfg = Release|Win32
		{3F6B5B2F-B4A6-4E36-A88E-CF60359DD0B8}.Release|Win32.Build.0 = Release|Win32
		{91055462-E855-45C9-B55B-60410EAA9FD9}.Debug|Win32.ActiveCfg = Debug|Win32
		{91055462-E855-45C9-B55B-60410EAA9FD9}.Debug|Win32.Build.0 = Debug|Win32
		{91055462-E855-45C9-B55B-60410EAA9FD9}.Release|Win32.ActiveCfg = Release|Win32
		{91055462-E855-45C9-B55B-60410EAA9FD9}.Release|Win32.Build.0 = Release|Win32
		{E9AA5E42-D0D4-45EB-8DDA-FCEE40C58303}.Debug|Win32.ActiveCfg = Debug|Win32
		{E9AA5E42-D0D4-45EB-8DDA-FCEE40C58303}.Debug|Win32.Build.0 = Debug|Win32
		{E9AA5E42-D0D4-45EB-8DDA-FCEE40C58303}.Release|Win32.ActiveCfg = Release|Win32
		{E9AA5E42-D0D4-45EB-8DDA-FCEE40C58303}.Release|Win32.Build.0 = Release|Win32
		{0CD4E1FD-DBF6-424B-BB9F-8AC588C66442}.Debug|Win32.ActiveCfg = Debug|Win32
		{0CD4E1FD-DBF6-424B-BB9F-8AC588C66442}.Debug|Win32.Build.0 = Debug|Win32
		{0CD4E1FD-DBF6-424B-BB9F-8AC588C66442}.Release|Win32.ActiveCfg = Release|Win32
		{0CD4E1FD-DBF6-424B-BB9F-8AC588C66442}.Release|Win32.Build.0 = Release|Win32
		{226A34FC-DABF-4782-9819-BD97801A9E5C}.Debug|Win32.ActiveCfg = Debug|Win32
		{226A34FC-DABF-4782-9819-BD97801A9E5C}.Debug|Win32.Build.0 = Debug|Win32
		{226A34FC-DABF-4782-9819-BD97801A9E5C}.Release|Win32.ActiveCfg = Release|Win32
		{226A34FC-DABF-4782-9819-BD97801A9E5C}.Release|Win32.Build.0 = Release|Win32
	EndGlobalSection
	GlobalSection(SolutionProperties) = preSolution
		HideSolutionNode = FALSE
	EndGlobalSection
	GlobalSection(NestedProjects) = preSolution
		{2D00251F-9E3C-4BE0-BFDF-39FD65077676} = {13D4C167-7AF6-4F7C-82F6-DFA9EDB3B99B}
		{A8BFAD55-8008-49A8-A17A-B051B7FAFD4E} = {41B107FC-9AC5-4E2B-A7BD-0F010F288B25}
		{34681F0D-CE45-415D-B5F2-5C662DFE3BD5} = {B5200AEE-482E-4926-A155-C965F6408CF7}
		{4552AEB7-906F-459C-A1B8-652C3538A348} = {13D4C167-7AF6-4F7C-82F6-DFA9EDB3B99B}
		{8BC71E1C-4CF4-4DA9-93F4-B22050E7F18F} = {41B107FC-9AC5-4E2B-A7BD-0F010F288B25}
		{C406DAEC-0886-4771-8DEA-9D7329B46CC1} = {B5200AEE-482E-4926-A155-C965F6408CF7}
		{3F6B5B2F-B4A6-4E36-A88E-CF60359DD0B8} = {13D4C167-7AF6-4F7C-82F6-DFA9EDB3B99B}
		{91055462-E855-45C9-B55B-60410EAA9FD9} = {41B107FC-9AC5-4E2B-A7BD-0F010F288B25}
		{E9AA5E42-D0D4-45EB-8DDA-FCEE40C58303} = {13D4C167-7AF6-4F7C-82F6-DFA9EDB3B99B}
		{0CD4E1FD-DBF6-424B-BB9F-8AC588C66442} = {13D4C167-7AF6-4F7C-82F6-DFA9EDB3B99B}
		{226A34FC-DABF-4782-9819-BD97801A9E5C} = {41B107FC-9AC5-4E2B-A7BD-0F010F288B25}
	EndGlobalSection
EndGlobal
