<?xml version="1.0" encoding="utf-8"?>
<Project ToolsVersion="4.0" xmlns="http://schemas.microsoft.com/developer/msbuild/2003">
  <ItemGroup>
    <ClCompile Include="..\Src\ErrorResponseTester.cpp" />
    <ClCompile Include="..\Src\GMockMain.cpp" />
    <ClCompile Include="..\Src\RequestTester.cpp" />
    <ClCompile Include="..\Src\ResponseTester.cpp" />
    <ClCompile Include="..\Src\RouterTester.cpp" />
  </ItemGroup>
</Project>