<?xml version="1.0" encoding="utf-8"?>
<Project ToolsVersion="4.0" xmlns="http://schemas.microsoft.com/developer/msbuild/2003">
  <ItemGroup>
    <ClCompile Include="..\Src\DirEndPointTester.cpp" />
    <ClCompile Include="..\Src\GMockMain.cpp" />
    <ClCompile Include="..\Src\FileEndPointTester.cpp" />
    <ClCompile Include="..\Src\ListDirEndPointTester.cpp" />
    <ClCompile Include="..\Src\SimExecEndPointTester.cpp" />
    <ClCompile Include="..\Src\TimeEndPointTester.cpp" />
    <ClCompile Include="..\Src\VersionEndPointTester.cpp" />
  </ItemGroup>
</Project>